
Microsoft Visual Studio Solution File, Format Version 12.00
# Visual Studio Version 17
VisualStudioVersion = 17.6.33829.357
MinimumVisualStudioVersion = 10.0.40219.1
Project("{9A19103F-16F7-4668-BE54-9A1E7A4F7556}") = "MechanicApp.Server", "Server\MechanicApp.Server.csproj", "{2583EE34-6C78-41F2-A382-82F83A08BA9B}"
EndProject
Project("{9A19103F-16F7-4668-BE54-9A1E7A4F7556}") = "MechanicApp.Client", "Client\MechanicApp.Client.csproj", "{D3AFCF45-5FF9-4440-A95E-CA6AE0E56E65}"
EndProject
Project("{9A19103F-16F7-4668-BE54-9A1E7A4F7556}") = "MechanicApp.Shared", "Shared\MechanicApp.Shared.csproj", "{B4DE8D1A-7201-4C81-806F-12441DD3E4F9}"
EndProject
Global
	GlobalSection(SolutionConfigurationPlatforms) = preSolution
		Debug|Any CPU = Debug|Any CPU
		Release|Any CPU = Release|Any CPU
	EndGlobalSection
	GlobalSection(ProjectConfigurationPlatforms) = postSolution
		{2583EE34-6C78-41F2-A382-82F83A08BA9B}.Debug|Any CPU.ActiveCfg = Debug|Any CPU
		{2583EE34-6C78-41F2-A382-82F83A08BA9B}.Debug|Any CPU.Build.0 = Debug|Any CPU
		{2583EE34-6C78-41F2-A382-82F83A08BA9B}.Release|Any CPU.ActiveCfg = Release|Any CPU
		{2583EE34-6C78-41F2-A382-82F83A08BA9B}.Release|Any CPU.Build.0 = Release|Any CPU
		{D3AFCF45-5FF9-4440-A95E-CA6AE0E56E65}.Debug|Any CPU.ActiveCfg = Debug|Any CPU
		{D3AFCF45-5FF9-4440-A95E-CA6AE0E56E65}.Debug|Any CPU.Build.0 = Debug|Any CPU
		{D3AFCF45-5FF9-4440-A95E-CA6AE0E56E65}.Release|Any CPU.ActiveCfg = Release|Any CPU
		{D3AFCF45-5FF9-4440-A95E-CA6AE0E56E65}.Release|Any CPU.Build.0 = Release|Any CPU
		{B4DE8D1A-7201-4C81-806F-12441DD3E4F9}.Debug|Any CPU.ActiveCfg = Debug|Any CPU
		{B4DE8D1A-7201-4C81-806F-12441DD3E4F9}.Debug|Any CPU.Build.0 = Debug|Any CPU
		{B4DE8D1A-7201-4C81-806F-12441DD3E4F9}.Release|Any CPU.ActiveCfg = Release|Any CPU
		{B4DE8D1A-7201-4C81-806F-12441DD3E4F9}.Release|Any CPU.Build.0 = Release|Any CPU
	EndGlobalSection
	GlobalSection(SolutionProperties) = preSolution
		HideSolutionNode = FALSE
	EndGlobalSection
	GlobalSection(ExtensibilityGlobals) = postSolution
		SolutionGuid = {10B130F7-0C97-4A35-AF0E-44DADD6B900E}
	EndGlobalSection
EndGlobal
